
Microsoft Visual Studio Solution File, Format Version 12.00
# Visual Studio Version 17
VisualStudioVersion = 17.11.35312.102
MinimumVisualStudioVersion = 10.0.40219.1
Project("{FAE04EC0-301F-11D3-BF4B-00C04F79EFBC}") = "MultiCodeDataEventDriven", "MultiCodeDataEventDriven.csproj", "{2F976310-CDA3-4CFB-BBEC-55DA76862D9B}"
EndProject
Global
	GlobalSection(SolutionConfigurationPlatforms) = preSolution
		Debug|Any CPU = Debug|Any CPU
		Debug|x86 = Debug|x86
		Release|Any CPU = Release|Any CPU
		Release|x86 = Release|x86
	EndGlobalSection
	GlobalSection(ProjectConfigurationPlatforms) = postSolution
		{2F976310-CDA3-4CFB-BBEC-55DA76862D9B}.Debug|Any CPU.ActiveCfg = Debug|Any CPU
		{2F976310-CDA3-4CFB-BBEC-55DA76862D9B}.Debug|Any CPU.Build.0 = Debug|Any CPU
		{2F976310-CDA3-4CFB-BBEC-55DA76862D9B}.Debug|x86.ActiveCfg = Debug|x86
		{2F976310-CDA3-4CFB-BBEC-55DA76862D9B}.Debug|x86.Build.0 = Debug|x86
		{2F976310-CDA3-4CFB-BBEC-55DA76862D9B}.Release|Any CPU.ActiveCfg = Release|Any CPU
		{2F976310-CDA3-4CFB-BBEC-55DA76862D9B}.Release|Any CPU.Build.0 = Release|Any CPU
		{2F976310-CDA3-4CFB-BBEC-55DA76862D9B}.Release|x86.ActiveCfg = Release|x86
		{2F976310-CDA3-4CFB-BBEC-55DA76862D9B}.Release|x86.Build.0 = Release|x86
	EndGlobalSection
	GlobalSection(SolutionProperties) = preSolution
		HideSolutionNode = FALSE
	EndGlobalSection
	GlobalSection(ExtensibilityGlobals) = postSolution
		SolutionGuid = {984D98F0-2F55-47F1-86B7-0CDDC1F15558}
	EndGlobalSection
EndGlobal
